
Microsoft Visual Studio Solution File, Format Version 12.00
# Visual Studio Version 16
VisualStudioVersion = 16.0.31005.135
MinimumVisualStudioVersion = 10.0.40219.1
Project("{FAE04EC0-301F-11D3-BF4B-00C04F79EFBC}") = "LKX2MO_week6", "LKX2MO_week6\LKX2MO_week6.csproj", "{BD17DFAF-7A55-49B6-B5BD-0D18C98C8DDE}"
EndProject
Global
	GlobalSection(SolutionConfigurationPlatforms) = preSolution
		Debug|Any CPU = Debug|Any CPU
		Release|Any CPU = Release|Any CPU
	EndGlobalSection
	GlobalSection(ProjectConfigurationPlatforms) = postSolution
		{BD17DFAF-7A55-49B6-B5BD-0D18C98C8DDE}.Debug|Any CPU.ActiveCfg = Debug|Any CPU
		{BD17DFAF-7A55-49B6-B5BD-0D18C98C8DDE}.Debug|Any CPU.Build.0 = Debug|Any CPU
		{BD17DFAF-7A55-49B6-B5BD-0D18C98C8DDE}.Release|Any CPU.ActiveCfg = Release|Any CPU
		{BD17DFAF-7A55-49B6-B5BD-0D18C98C8DDE}.Release|Any CPU.Build.0 = Release|Any CPU
	EndGlobalSection
	GlobalSection(SolutionProperties) = preSolution
		HideSolutionNode = FALSE
	EndGlobalSection
	GlobalSection(ExtensibilityGlobals) = postSolution
		SolutionGuid = {92FFF6DF-E19D-4E50-82E9-D883FDA62B82}
	EndGlobalSection
EndGlobal
