
Microsoft Visual Studio Solution File, Format Version 12.00
# Visual Studio Version 16
VisualStudioVersion = 16.0.31005.135
MinimumVisualStudioVersion = 10.0.40219.1
Project("{FAE04EC0-301F-11D3-BF4B-00C04F79EFBC}") = "Nyolcadik_Het_LKX2MO", "Nyolcadik_Het_LKX2MO\Nyolcadik_Het_LKX2MO.csproj", "{4010AE60-2F47-4074-8AE4-A80A03478ABC}"
EndProject
Global
	GlobalSection(SolutionConfigurationPlatforms) = preSolution
		Debug|Any CPU = Debug|Any CPU
		Release|Any CPU = Release|Any CPU
	EndGlobalSection
	GlobalSection(ProjectConfigurationPlatforms) = postSolution
		{4010AE60-2F47-4074-8AE4-A80A03478ABC}.Debug|Any CPU.ActiveCfg = Debug|Any CPU
		{4010AE60-2F47-4074-8AE4-A80A03478ABC}.Debug|Any CPU.Build.0 = Debug|Any CPU
		{4010AE60-2F47-4074-8AE4-A80A03478ABC}.Release|Any CPU.ActiveCfg = Release|Any CPU
		{4010AE60-2F47-4074-8AE4-A80A03478ABC}.Release|Any CPU.Build.0 = Release|Any CPU
	EndGlobalSection
	GlobalSection(SolutionProperties) = preSolution
		HideSolutionNode = FALSE
	EndGlobalSection
	GlobalSection(ExtensibilityGlobals) = postSolution
		SolutionGuid = {98CC5994-3D74-4BF8-AB2A-BA9AE2430359}
	EndGlobalSection
EndGlobal
