
Microsoft Visual Studio Solution File, Format Version 12.00
# Visual Studio Version 16
VisualStudioVersion = 16.0.31005.135
MinimumVisualStudioVersion = 10.0.40219.1
Project("{FAE04EC0-301F-11D3-BF4B-00C04F79EFBC}") = "Sudokugyakorlas", "Sudokugyakorlas\Sudokugyakorlas.csproj", "{0A73DBDC-DA13-4EBD-B671-23619CE38D9A}"
EndProject
Global
	GlobalSection(SolutionConfigurationPlatforms) = preSolution
		Debug|Any CPU = Debug|Any CPU
		Release|Any CPU = Release|Any CPU
	EndGlobalSection
	GlobalSection(ProjectConfigurationPlatforms) = postSolution
		{0A73DBDC-DA13-4EBD-B671-23619CE38D9A}.Debug|Any CPU.ActiveCfg = Debug|Any CPU
		{0A73DBDC-DA13-4EBD-B671-23619CE38D9A}.Debug|Any CPU.Build.0 = Debug|Any CPU
		{0A73DBDC-DA13-4EBD-B671-23619CE38D9A}.Release|Any CPU.ActiveCfg = Release|Any CPU
		{0A73DBDC-DA13-4EBD-B671-23619CE38D9A}.Release|Any CPU.Build.0 = Release|Any CPU
	EndGlobalSection
	GlobalSection(SolutionProperties) = preSolution
		HideSolutionNode = FALSE
	EndGlobalSection
	GlobalSection(ExtensibilityGlobals) = postSolution
		SolutionGuid = {D26C33EC-41DB-4A96-A36F-0891798B15C7}
	EndGlobalSection
EndGlobal
